
Microsoft Visual Studio Solution File, Format Version 12.00
# Visual Studio Version 17
VisualStudioVersion = 17.7.34009.444
MinimumVisualStudioVersion = 10.0.40219.1
Project("{9A19103F-16F7-4668-BE54-9A1E7A4F7556}") = "Api", "Api\Api.csproj", "{9C7E8DBB-5135-4511-8E1E-26C83D58B2F5}"
EndProject
Project("{9A19103F-16F7-4668-BE54-9A1E7A4F7556}") = "ApiTests", "ApiTests\ApiTests.csproj", "{809152BC-858C-4757-8C5A-AA35E061750B}"
EndProject
Project("{FAE04EC0-301F-11D3-BF4B-00C04F79EFBC}") = "Application", "Application\Application.csproj", "{2F4BC2B7-5003-494D-B913-E53CC79EB02F}"
EndProject
Project("{FAE04EC0-301F-11D3-BF4B-00C04F79EFBC}") = "Infrastructure", "Infrastructure\Infrastructure.csproj", "{84960E92-A0F6-44AA-8E4E-7D76C806451C}"
EndProject
Global
	GlobalSection(SolutionConfigurationPlatforms) = preSolution
		Debug|Any CPU = Debug|Any CPU
		Release|Any CPU = Release|Any CPU
	EndGlobalSection
	GlobalSection(ProjectConfigurationPlatforms) = postSolution
		{9C7E8DBB-5135-4511-8E1E-26C83D58B2F5}.Debug|Any CPU.ActiveCfg = Debug|Any CPU
		{9C7E8DBB-5135-4511-8E1E-26C83D58B2F5}.Debug|Any CPU.Build.0 = Debug|Any CPU
		{9C7E8DBB-5135-4511-8E1E-26C83D58B2F5}.Release|Any CPU.ActiveCfg = Release|Any CPU
		{9C7E8DBB-5135-4511-8E1E-26C83D58B2F5}.Release|Any CPU.Build.0 = Release|Any CPU
		{809152BC-858C-4757-8C5A-AA35E061750B}.Debug|Any CPU.ActiveCfg = Debug|Any CPU
		{809152BC-858C-4757-8C5A-AA35E061750B}.Debug|Any CPU.Build.0 = Debug|Any CPU
		{809152BC-858C-4757-8C5A-AA35E061750B}.Release|Any CPU.ActiveCfg = Release|Any CPU
		{809152BC-858C-4757-8C5A-AA35E061750B}.Release|Any CPU.Build.0 = Release|Any CPU
		{2F4BC2B7-5003-494D-B913-E53CC79EB02F}.Debug|Any CPU.ActiveCfg = Debug|Any CPU
		{2F4BC2B7-5003-494D-B913-E53CC79EB02F}.Debug|Any CPU.Build.0 = Debug|Any CPU
		{2F4BC2B7-5003-494D-B913-E53CC79EB02F}.Release|Any CPU.ActiveCfg = Release|Any CPU
		{2F4BC2B7-5003-494D-B913-E53CC79EB02F}.Release|Any CPU.Build.0 = Release|Any CPU
		{84960E92-A0F6-44AA-8E4E-7D76C806451C}.Debug|Any CPU.ActiveCfg = Debug|Any CPU
		{84960E92-A0F6-44AA-8E4E-7D76C806451C}.Debug|Any CPU.Build.0 = Debug|Any CPU
		{84960E92-A0F6-44AA-8E4E-7D76C806451C}.Release|Any CPU.ActiveCfg = Release|Any CPU
		{84960E92-A0F6-44AA-8E4E-7D76C806451C}.Release|Any CPU.Build.0 = Release|Any CPU
	EndGlobalSection
	GlobalSection(SolutionProperties) = preSolution
		HideSolutionNode = FALSE
	EndGlobalSection
	GlobalSection(ExtensibilityGlobals) = postSolution
		SolutionGuid = {2575ACF1-C54D-4FFF-A612-375439EA8CF0}
	EndGlobalSection
EndGlobal
